
Microsoft Visual Studio Solution File, Format Version 12.00
# Visual Studio Version 17
VisualStudioVersion = 17.11.35312.102
MinimumVisualStudioVersion = 10.0.40219.1
Project("{FAE04EC0-301F-11D3-BF4B-00C04F79EFBC}") = "Inventory Management", "Inventory Management\Inventory Management.csproj", "{CDFA6846-E0F3-4139-B18F-A4BA5E4A2CF8}"
EndProject
Project("{FAE04EC0-301F-11D3-BF4B-00C04F79EFBC}") = "Customer Management", "Customer Management\Customer Management.csproj", "{9DAC133E-756B-41D6-931F-B3FC9E38E971}"
EndProject
Project("{FAE04EC0-301F-11D3-BF4B-00C04F79EFBC}") = "Work Order Management", "Work Order Management\Work Order Management.csproj", "{96B215B2-C411-4899-8373-15AFA792532F}"
EndProject
Project("{FAE04EC0-301F-11D3-BF4B-00C04F79EFBC}") = "Resource Management", "Resource Management\Resource Management.csproj", "{2E2B575A-AE5E-42C5-AFFB-F7DEDF850593}"
EndProject
Project("{FAE04EC0-301F-11D3-BF4B-00C04F79EFBC}") = "Transaction Currency Management", "Transaction Currency Management\Transaction Currency Management.csproj", "{91102BBC-2734-4A6B-994F-30C35C708211}"
EndProject
Global
	GlobalSection(SolutionConfigurationPlatforms) = preSolution
		Debug|Any CPU = Debug|Any CPU
		Release|Any CPU = Release|Any CPU
	EndGlobalSection
	GlobalSection(ProjectConfigurationPlatforms) = postSolution
		{CDFA6846-E0F3-4139-B18F-A4BA5E4A2CF8}.Debug|Any CPU.ActiveCfg = Debug|Any CPU
		{CDFA6846-E0F3-4139-B18F-A4BA5E4A2CF8}.Debug|Any CPU.Build.0 = Debug|Any CPU
		{CDFA6846-E0F3-4139-B18F-A4BA5E4A2CF8}.Release|Any CPU.ActiveCfg = Release|Any CPU
		{CDFA6846-E0F3-4139-B18F-A4BA5E4A2CF8}.Release|Any CPU.Build.0 = Release|Any CPU
		{9DAC133E-756B-41D6-931F-B3FC9E38E971}.Debug|Any CPU.ActiveCfg = Debug|Any CPU
		{9DAC133E-756B-41D6-931F-B3FC9E38E971}.Debug|Any CPU.Build.0 = Debug|Any CPU
		{9DAC133E-756B-41D6-931F-B3FC9E38E971}.Release|Any CPU.ActiveCfg = Release|Any CPU
		{9DAC133E-756B-41D6-931F-B3FC9E38E971}.Release|Any CPU.Build.0 = Release|Any CPU
		{96B215B2-C411-4899-8373-15AFA792532F}.Debug|Any CPU.ActiveCfg = Debug|Any CPU
		{96B215B2-C411-4899-8373-15AFA792532F}.Debug|Any CPU.Build.0 = Debug|Any CPU
		{96B215B2-C411-4899-8373-15AFA792532F}.Release|Any CPU.ActiveCfg = Release|Any CPU
		{96B215B2-C411-4899-8373-15AFA792532F}.Release|Any CPU.Build.0 = Release|Any CPU
		{2E2B575A-AE5E-42C5-AFFB-F7DEDF850593}.Debug|Any CPU.ActiveCfg = Debug|Any CPU
		{2E2B575A-AE5E-42C5-AFFB-F7DEDF850593}.Debug|Any CPU.Build.0 = Debug|Any CPU
		{2E2B575A-AE5E-42C5-AFFB-F7DEDF850593}.Release|Any CPU.ActiveCfg = Release|Any CPU
		{2E2B575A-AE5E-42C5-AFFB-F7DEDF850593}.Release|Any CPU.Build.0 = Release|Any CPU
		{91102BBC-2734-4A6B-994F-30C35C708211}.Debug|Any CPU.ActiveCfg = Debug|Any CPU
		{91102BBC-2734-4A6B-994F-30C35C708211}.Debug|Any CPU.Build.0 = Debug|Any CPU
		{91102BBC-2734-4A6B-994F-30C35C708211}.Release|Any CPU.ActiveCfg = Release|Any CPU
		{91102BBC-2734-4A6B-994F-30C35C708211}.Release|Any CPU.Build.0 = Release|Any CPU
	EndGlobalSection
	GlobalSection(SolutionProperties) = preSolution
		HideSolutionNode = FALSE
	EndGlobalSection
	GlobalSection(ExtensibilityGlobals) = postSolution
		SolutionGuid = {8922951D-D411-4F79-9456-7B81C8224AAB}
	EndGlobalSection
EndGlobal
