
Microsoft Visual Studio Solution File, Format Version 12.00
# Visual Studio Version 17
VisualStudioVersion = 17.11.35312.102
MinimumVisualStudioVersion = 10.0.40219.1
Project("{FAE04EC0-301F-11D3-BF4B-00C04F79EFBC}") = "Customer Management", "Customer Management\Customer Management.csproj", "{9C5BCBF0-962D-43FC-9A3F-D984BDB33069}"
EndProject
Global
	GlobalSection(SolutionConfigurationPlatforms) = preSolution
		Debug|Any CPU = Debug|Any CPU
		Release|Any CPU = Release|Any CPU
	EndGlobalSection
	GlobalSection(ProjectConfigurationPlatforms) = postSolution
		{9C5BCBF0-962D-43FC-9A3F-D984BDB33069}.Debug|Any CPU.ActiveCfg = Debug|Any CPU
		{9C5BCBF0-962D-43FC-9A3F-D984BDB33069}.Debug|Any CPU.Build.0 = Debug|Any CPU
		{9C5BCBF0-962D-43FC-9A3F-D984BDB33069}.Release|Any CPU.ActiveCfg = Release|Any CPU
		{9C5BCBF0-962D-43FC-9A3F-D984BDB33069}.Release|Any CPU.Build.0 = Release|Any CPU
	EndGlobalSection
	GlobalSection(SolutionProperties) = preSolution
		HideSolutionNode = FALSE
	EndGlobalSection
	GlobalSection(ExtensibilityGlobals) = postSolution
		SolutionGuid = {6EA8B7ED-C4E2-40FD-AB3A-750D566500D1}
	EndGlobalSection
EndGlobal
