
Microsoft Visual Studio Solution File, Format Version 12.00
# Visual Studio Version 17
VisualStudioVersion = 17.11.35312.102
MinimumVisualStudioVersion = 10.0.40219.1
Project("{FAE04EC0-301F-11D3-BF4B-00C04F79EFBC}") = "Test D365 connector", "Test D365 connector\Test D365 connector.csproj", "{706125E0-7F2A-4138-9C33-9F88BCCBE6A0}"
EndProject
Global
	GlobalSection(SolutionConfigurationPlatforms) = preSolution
		Debug|Any CPU = Debug|Any CPU
		Release|Any CPU = Release|Any CPU
	EndGlobalSection
	GlobalSection(ProjectConfigurationPlatforms) = postSolution
		{706125E0-7F2A-4138-9C33-9F88BCCBE6A0}.Debug|Any CPU.ActiveCfg = Debug|Any CPU
		{706125E0-7F2A-4138-9C33-9F88BCCBE6A0}.Debug|Any CPU.Build.0 = Debug|Any CPU
		{706125E0-7F2A-4138-9C33-9F88BCCBE6A0}.Release|Any CPU.ActiveCfg = Release|Any CPU
		{706125E0-7F2A-4138-9C33-9F88BCCBE6A0}.Release|Any CPU.Build.0 = Release|Any CPU
	EndGlobalSection
	GlobalSection(SolutionProperties) = preSolution
		HideSolutionNode = FALSE
	EndGlobalSection
	GlobalSection(ExtensibilityGlobals) = postSolution
		SolutionGuid = {FA06F245-0696-4231-9860-638E5A7CBC8C}
	EndGlobalSection
EndGlobal
